
Microsoft Visual Studio Solution File, Format Version 12.00
# Visual Studio Version 17
VisualStudioVersion = 17.9.34622.214
MinimumVisualStudioVersion = 10.0.40219.1
Project("{9A19103F-16F7-4668-BE54-9A1E7A4F7556}") = "ManaBoxBulkImport", "ManaBoxBulkImport\ManaBoxBulkImport.csproj", "{4F455250-4CAA-4FD7-9318-0078DF63384E}"
EndProject
Project("{9A19103F-16F7-4668-BE54-9A1E7A4F7556}") = "Scryfall", "Scryfall\Scryfall.csproj", "{17025621-9150-4B1B-9F8C-446D9FCE75BF}"
EndProject
Project("{FAE04EC0-301F-11D3-BF4B-00C04F79EFBC}") = "TestApp", "TestApp\TestApp.csproj", "{EC9E9637-0BA3-4067-8A34-E9BBEAD90E0C}"
EndProject
Project("{FAE04EC0-301F-11D3-BF4B-00C04F79EFBC}") = "ManaBoxBulkImport.Tests", "ManaBoxBulkImport.Tests\ManaBoxBulkImport.Tests.csproj", "{CDB2E831-1418-45FF-97B4-12086006C7A7}"
EndProject
Global
	GlobalSection(SolutionConfigurationPlatforms) = preSolution
		Debug|Any CPU = Debug|Any CPU
		Debug|ARM64 = Debug|ARM64
		Debug|x64 = Debug|x64
		Debug|x86 = Debug|x86
		Release|Any CPU = Release|Any CPU
		Release|ARM64 = Release|ARM64
		Release|x64 = Release|x64
		Release|x86 = Release|x86
	EndGlobalSection
	GlobalSection(ProjectConfigurationPlatforms) = postSolution
		{4F455250-4CAA-4FD7-9318-0078DF63384E}.Debug|Any CPU.ActiveCfg = Debug|Any CPU
		{4F455250-4CAA-4FD7-9318-0078DF63384E}.Debug|Any CPU.Build.0 = Debug|Any CPU
		{4F455250-4CAA-4FD7-9318-0078DF63384E}.Debug|ARM64.ActiveCfg = Debug|Any CPU
		{4F455250-4CAA-4FD7-9318-0078DF63384E}.Debug|ARM64.Build.0 = Debug|Any CPU
		{4F455250-4CAA-4FD7-9318-0078DF63384E}.Debug|x64.ActiveCfg = Debug|Any CPU
		{4F455250-4CAA-4FD7-9318-0078DF63384E}.Debug|x64.Build.0 = Debug|Any CPU
		{4F455250-4CAA-4FD7-9318-0078DF63384E}.Debug|x86.ActiveCfg = Debug|Any CPU
		{4F455250-4CAA-4FD7-9318-0078DF63384E}.Debug|x86.Build.0 = Debug|Any CPU
		{4F455250-4CAA-4FD7-9318-0078DF63384E}.Release|Any CPU.ActiveCfg = Release|Any CPU
		{4F455250-4CAA-4FD7-9318-0078DF63384E}.Release|Any CPU.Build.0 = Release|Any CPU
		{4F455250-4CAA-4FD7-9318-0078DF63384E}.Release|ARM64.ActiveCfg = Release|Any CPU
		{4F455250-4CAA-4FD7-9318-0078DF63384E}.Release|ARM64.Build.0 = Release|Any CPU
		{4F455250-4CAA-4FD7-9318-0078DF63384E}.Release|x64.ActiveCfg = Release|Any CPU
		{4F455250-4CAA-4FD7-9318-0078DF63384E}.Release|x64.Build.0 = Release|Any CPU
		{4F455250-4CAA-4FD7-9318-0078DF63384E}.Release|x86.ActiveCfg = Release|Any CPU
		{4F455250-4CAA-4FD7-9318-0078DF63384E}.Release|x86.Build.0 = Release|Any CPU
		{17025621-9150-4B1B-9F8C-446D9FCE75BF}.Debug|Any CPU.ActiveCfg = Debug|Any CPU
		{17025621-9150-4B1B-9F8C-446D9FCE75BF}.Debug|Any CPU.Build.0 = Debug|Any CPU
		{17025621-9150-4B1B-9F8C-446D9FCE75BF}.Debug|ARM64.ActiveCfg = Debug|Any CPU
		{17025621-9150-4B1B-9F8C-446D9FCE75BF}.Debug|ARM64.Build.0 = Debug|Any CPU
		{17025621-9150-4B1B-9F8C-446D9FCE75BF}.Debug|x64.ActiveCfg = Debug|Any CPU
		{17025621-9150-4B1B-9F8C-446D9FCE75BF}.Debug|x64.Build.0 = Debug|Any CPU
		{17025621-9150-4B1B-9F8C-446D9FCE75BF}.Debug|x86.ActiveCfg = Debug|Any CPU
		{17025621-9150-4B1B-9F8C-446D9FCE75BF}.Debug|x86.Build.0 = Debug|Any CPU
		{17025621-9150-4B1B-9F8C-446D9FCE75BF}.Release|Any CPU.ActiveCfg = Release|Any CPU
		{17025621-9150-4B1B-9F8C-446D9FCE75BF}.Release|Any CPU.Build.0 = Release|Any CPU
		{17025621-9150-4B1B-9F8C-446D9FCE75BF}.Release|ARM64.ActiveCfg = Release|Any CPU
		{17025621-9150-4B1B-9F8C-446D9FCE75BF}.Release|ARM64.Build.0 = Release|Any CPU
		{17025621-9150-4B1B-9F8C-446D9FCE75BF}.Release|x64.ActiveCfg = Release|Any CPU
		{17025621-9150-4B1B-9F8C-446D9FCE75BF}.Release|x64.Build.0 = Release|Any CPU
		{17025621-9150-4B1B-9F8C-446D9FCE75BF}.Release|x86.ActiveCfg = Release|Any CPU
		{17025621-9150-4B1B-9F8C-446D9FCE75BF}.Release|x86.Build.0 = Release|Any CPU
		{EC9E9637-0BA3-4067-8A34-E9BBEAD90E0C}.Debug|Any CPU.ActiveCfg = Debug|Any CPU
		{EC9E9637-0BA3-4067-8A34-E9BBEAD90E0C}.Debug|Any CPU.Build.0 = Debug|Any CPU
		{EC9E9637-0BA3-4067-8A34-E9BBEAD90E0C}.Debug|ARM64.ActiveCfg = Debug|Any CPU
		{EC9E9637-0BA3-4067-8A34-E9BBEAD90E0C}.Debug|ARM64.Build.0 = Debug|Any CPU
		{EC9E9637-0BA3-4067-8A34-E9BBEAD90E0C}.Debug|x64.ActiveCfg = Debug|Any CPU
		{EC9E9637-0BA3-4067-8A34-E9BBEAD90E0C}.Debug|x64.Build.0 = Debug|Any CPU
		{EC9E9637-0BA3-4067-8A34-E9BBEAD90E0C}.Debug|x86.ActiveCfg = Debug|Any CPU
		{EC9E9637-0BA3-4067-8A34-E9BBEAD90E0C}.Debug|x86.Build.0 = Debug|Any CPU
		{EC9E9637-0BA3-4067-8A34-E9BBEAD90E0C}.Release|Any CPU.ActiveCfg = Release|Any CPU
		{EC9E9637-0BA3-4067-8A34-E9BBEAD90E0C}.Release|Any CPU.Build.0 = Release|Any CPU
		{EC9E9637-0BA3-4067-8A34-E9BBEAD90E0C}.Release|ARM64.ActiveCfg = Release|Any CPU
		{EC9E9637-0BA3-4067-8A34-E9BBEAD90E0C}.Release|ARM64.Build.0 = Release|Any CPU
		{EC9E9637-0BA3-4067-8A34-E9BBEAD90E0C}.Release|x64.ActiveCfg = Release|Any CPU
		{EC9E9637-0BA3-4067-8A34-E9BBEAD90E0C}.Release|x64.Build.0 = Release|Any CPU
		{EC9E9637-0BA3-4067-8A34-E9BBEAD90E0C}.Release|x86.ActiveCfg = Release|Any CPU
		{EC9E9637-0BA3-4067-8A34-E9BBEAD90E0C}.Release|x86.Build.0 = Release|Any CPU
		{CDB2E831-1418-45FF-97B4-12086006C7A7}.Debug|Any CPU.ActiveCfg = Debug|Any CPU
		{CDB2E831-1418-45FF-97B4-12086006C7A7}.Debug|Any CPU.Build.0 = Debug|Any CPU
		{CDB2E831-1418-45FF-97B4-12086006C7A7}.Debug|ARM64.ActiveCfg = Debug|Any CPU
		{CDB2E831-1418-45FF-97B4-12086006C7A7}.Debug|ARM64.Build.0 = Debug|Any CPU
		{CDB2E831-1418-45FF-97B4-12086006C7A7}.Debug|x64.ActiveCfg = Debug|Any CPU
		{CDB2E831-1418-45FF-97B4-12086006C7A7}.Debug|x64.Build.0 = Debug|Any CPU
		{CDB2E831-1418-45FF-97B4-12086006C7A7}.Debug|x86.ActiveCfg = Debug|Any CPU
		{CDB2E831-1418-45FF-97B4-12086006C7A7}.Debug|x86.Build.0 = Debug|Any CPU
		{CDB2E831-1418-45FF-97B4-12086006C7A7}.Release|Any CPU.ActiveCfg = Release|Any CPU
		{CDB2E831-1418-45FF-97B4-12086006C7A7}.Release|Any CPU.Build.0 = Release|Any CPU
		{CDB2E831-1418-45FF-97B4-12086006C7A7}.Release|ARM64.ActiveCfg = Release|Any CPU
		{CDB2E831-1418-45FF-97B4-12086006C7A7}.Release|ARM64.Build.0 = Release|Any CPU
		{CDB2E831-1418-45FF-97B4-12086006C7A7}.Release|x64.ActiveCfg = Release|Any CPU
		{CDB2E831-1418-45FF-97B4-12086006C7A7}.Release|x64.Build.0 = Release|Any CPU
		{CDB2E831-1418-45FF-97B4-12086006C7A7}.Release|x86.ActiveCfg = Release|Any CPU
		{CDB2E831-1418-45FF-97B4-12086006C7A7}.Release|x86.Build.0 = Release|Any CPU
	EndGlobalSection
	GlobalSection(SolutionProperties) = preSolution
		HideSolutionNode = FALSE
	EndGlobalSection
	GlobalSection(ExtensibilityGlobals) = postSolution
		SolutionGuid = {94215600-BCA7-4B23-AEE1-19C261EB1EA2}
	EndGlobalSection
EndGlobal
